
Microsoft Visual Studio Solution File, Format Version 12.00
# Visual Studio Version 17
VisualStudioVersion = 17.8.34322.80
MinimumVisualStudioVersion = 10.0.40219.1
Project("{9A19103F-16F7-4668-BE54-9A1E7A4F7556}") = "RoadReady", "RoadReady\RoadReady.csproj", "{9699E275-FDD8-48E6-A39B-1DF1E29BA4B4}"
EndProject
Project("{FAE04EC0-301F-11D3-BF4B-00C04F79EFBC}") = "RoadReadyTest", "RoadReadyTest\RoadReadyTest.csproj", "{BE0C8A22-1224-414E-99FC-AA671DDC8A8D}"
EndProject
Global
	GlobalSection(SolutionConfigurationPlatforms) = preSolution
		Debug|Any CPU = Debug|Any CPU
		Release|Any CPU = Release|Any CPU
	EndGlobalSection
	GlobalSection(ProjectConfigurationPlatforms) = postSolution
		{9699E275-FDD8-48E6-A39B-1DF1E29BA4B4}.Debug|Any CPU.ActiveCfg = Debug|Any CPU
		{9699E275-FDD8-48E6-A39B-1DF1E29BA4B4}.Debug|Any CPU.Build.0 = Debug|Any CPU
		{9699E275-FDD8-48E6-A39B-1DF1E29BA4B4}.Release|Any CPU.ActiveCfg = Release|Any CPU
		{9699E275-FDD8-48E6-A39B-1DF1E29BA4B4}.Release|Any CPU.Build.0 = Release|Any CPU
		{BE0C8A22-1224-414E-99FC-AA671DDC8A8D}.Debug|Any CPU.ActiveCfg = Debug|Any CPU
		{BE0C8A22-1224-414E-99FC-AA671DDC8A8D}.Debug|Any CPU.Build.0 = Debug|Any CPU
		{BE0C8A22-1224-414E-99FC-AA671DDC8A8D}.Release|Any CPU.ActiveCfg = Release|Any CPU
		{BE0C8A22-1224-414E-99FC-AA671DDC8A8D}.Release|Any CPU.Build.0 = Release|Any CPU
	EndGlobalSection
	GlobalSection(SolutionProperties) = preSolution
		HideSolutionNode = FALSE
	EndGlobalSection
	GlobalSection(ExtensibilityGlobals) = postSolution
		SolutionGuid = {2AC8A91F-25CC-461D-A4B6-0359EC82D94E}
	EndGlobalSection
EndGlobal
